
Microsoft Visual Studio Solution File, Format Version 12.00
# Visual Studio 15
VisualStudioVersion = 15.0.28307.1500
MinimumVisualStudioVersion = 10.0.40219.1
Project("{FAE04EC0-301F-11D3-BF4B-00C04F79EFBC}") = "Worksite", "Worksite\Worksite.csproj", "{B1F2A742-C617-4D7C-93D8-C167CAF46EFB}"
EndProject
Global
	GlobalSection(SolutionConfigurationPlatforms) = preSolution
		Debug|Any CPU = Debug|Any CPU
		Release|Any CPU = Release|Any CPU
	EndGlobalSection
	GlobalSection(ProjectConfigurationPlatforms) = postSolution
		{B1F2A742-C617-4D7C-93D8-C167CAF46EFB}.Debug|Any CPU.ActiveCfg = Debug|Any CPU
		{B1F2A742-C617-4D7C-93D8-C167CAF46EFB}.Debug|Any CPU.Build.0 = Debug|Any CPU
		{B1F2A742-C617-4D7C-93D8-C167CAF46EFB}.Release|Any CPU.ActiveCfg = Release|Any CPU
		{B1F2A742-C617-4D7C-93D8-C167CAF46EFB}.Release|Any CPU.Build.0 = Release|Any CPU
	EndGlobalSection
	GlobalSection(SolutionProperties) = preSolution
		HideSolutionNode = FALSE
	EndGlobalSection
	GlobalSection(ExtensibilityGlobals) = postSolution
		SolutionGuid = {06A51830-B35F-46E1-9F72-54E20B0667AB}
	EndGlobalSection
EndGlobal
